
Microsoft Visual Studio Solution File, Format Version 12.00
# Visual Studio Version 16
VisualStudioVersion = 16.0.29020.237
MinimumVisualStudioVersion = 10.0.40219.1
Project("{FAE04EC0-301F-11D3-BF4B-00C04F79EFBC}") = "Dama.Data", "Dama.Data\Dama.Data.csproj", "{0F30BC0D-4D81-4AE3-8CA5-547EE4752C25}"
EndProject
Project("{FAE04EC0-301F-11D3-BF4B-00C04F79EFBC}") = "Dama.Data.Sql", "Dama.Data.Sql\Dama.Data.Sql.csproj", "{C7BB833B-9227-4799-B69C-1D8278C01089}"
EndProject
Project("{FAE04EC0-301F-11D3-BF4B-00C04F79EFBC}") = "Dama.Organizer", "Dama.Organizer\Dama.Organizer.csproj", "{7129D0E1-47C0-42FF-9C7B-063C4A3A68F9}"
EndProject
Project("{2150E333-8FDC-42A3-9474-1A3956D46DE8}") = "Web", "Web", "{08BB1674-28B4-4A71-A3BC-A137B20F2C18}"
EndProject
Project("{2150E333-8FDC-42A3-9474-1A3956D46DE8}") = "Logic", "Logic", "{901D2E37-212C-4E99-A695-04B2046C3C30}"
EndProject
Project("{2150E333-8FDC-42A3-9474-1A3956D46DE8}") = "Data", "Data", "{98A1CA4A-7BD9-457D-A136-6FD413B09873}"
EndProject
Project("{FAE04EC0-301F-11D3-BF4B-00C04F79EFBC}") = "Dama.Web", "Dama.Web\Dama.Web.csproj", "{FACB5C1E-0BC9-40BB-8468-174997968A9B}"
EndProject
Project("{FAE04EC0-301F-11D3-BF4B-00C04F79EFBC}") = "Dama.Generate", "Dama.Generate\Dama.Generate.csproj", "{D2457B8D-0974-4F76-8A48-91564340BD89}"
EndProject
Global
	GlobalSection(SolutionConfigurationPlatforms) = preSolution
		Debug|Any CPU = Debug|Any CPU
		Release|Any CPU = Release|Any CPU
	EndGlobalSection
	GlobalSection(ProjectConfigurationPlatforms) = postSolution
		{0F30BC0D-4D81-4AE3-8CA5-547EE4752C25}.Debug|Any CPU.ActiveCfg = Debug|Any CPU
		{0F30BC0D-4D81-4AE3-8CA5-547EE4752C25}.Debug|Any CPU.Build.0 = Debug|Any CPU
		{0F30BC0D-4D81-4AE3-8CA5-547EE4752C25}.Release|Any CPU.ActiveCfg = Release|Any CPU
		{0F30BC0D-4D81-4AE3-8CA5-547EE4752C25}.Release|Any CPU.Build.0 = Release|Any CPU
		{C7BB833B-9227-4799-B69C-1D8278C01089}.Debug|Any CPU.ActiveCfg = Debug|Any CPU
		{C7BB833B-9227-4799-B69C-1D8278C01089}.Debug|Any CPU.Build.0 = Debug|Any CPU
		{C7BB833B-9227-4799-B69C-1D8278C01089}.Release|Any CPU.ActiveCfg = Release|Any CPU
		{C7BB833B-9227-4799-B69C-1D8278C01089}.Release|Any CPU.Build.0 = Release|Any CPU
		{7129D0E1-47C0-42FF-9C7B-063C4A3A68F9}.Debug|Any CPU.ActiveCfg = Debug|Any CPU
		{7129D0E1-47C0-42FF-9C7B-063C4A3A68F9}.Debug|Any CPU.Build.0 = Debug|Any CPU
		{7129D0E1-47C0-42FF-9C7B-063C4A3A68F9}.Release|Any CPU.ActiveCfg = Release|Any CPU
		{7129D0E1-47C0-42FF-9C7B-063C4A3A68F9}.Release|Any CPU.Build.0 = Release|Any CPU
		{FACB5C1E-0BC9-40BB-8468-174997968A9B}.Debug|Any CPU.ActiveCfg = Debug|Any CPU
		{FACB5C1E-0BC9-40BB-8468-174997968A9B}.Debug|Any CPU.Build.0 = Debug|Any CPU
		{FACB5C1E-0BC9-40BB-8468-174997968A9B}.Release|Any CPU.ActiveCfg = Release|Any CPU
		{FACB5C1E-0BC9-40BB-8468-174997968A9B}.Release|Any CPU.Build.0 = Release|Any CPU
		{D2457B8D-0974-4F76-8A48-91564340BD89}.Debug|Any CPU.ActiveCfg = Debug|Any CPU
		{D2457B8D-0974-4F76-8A48-91564340BD89}.Debug|Any CPU.Build.0 = Debug|Any CPU
		{D2457B8D-0974-4F76-8A48-91564340BD89}.Release|Any CPU.ActiveCfg = Release|Any CPU
		{D2457B8D-0974-4F76-8A48-91564340BD89}.Release|Any CPU.Build.0 = Release|Any CPU
	EndGlobalSection
	GlobalSection(SolutionProperties) = preSolution
		HideSolutionNode = FALSE
	EndGlobalSection
	GlobalSection(NestedProjects) = preSolution
		{0F30BC0D-4D81-4AE3-8CA5-547EE4752C25} = {98A1CA4A-7BD9-457D-A136-6FD413B09873}
		{C7BB833B-9227-4799-B69C-1D8278C01089} = {98A1CA4A-7BD9-457D-A136-6FD413B09873}
		{7129D0E1-47C0-42FF-9C7B-063C4A3A68F9} = {901D2E37-212C-4E99-A695-04B2046C3C30}
		{FACB5C1E-0BC9-40BB-8468-174997968A9B} = {08BB1674-28B4-4A71-A3BC-A137B20F2C18}
		{D2457B8D-0974-4F76-8A48-91564340BD89} = {901D2E37-212C-4E99-A695-04B2046C3C30}
	EndGlobalSection
	GlobalSection(ExtensibilityGlobals) = postSolution
		SolutionGuid = {21930BFF-C9E6-4DC4-9713-5602D7EA6342}
	EndGlobalSection
EndGlobal
